// !$*UTF8*$!
{
	archiveVersion = 1;
	classes = {
	};
	objectVersion = 46;
	objects = {

/* Begin PBXBuildFile section */
		17C941DA797529CC101EC204 /* Pods_ReactiveDemo.framework in Frameworks */ = {isa = PBXBuildFile; fileRef = 2B206D5E10A18A16F3290AAB /* Pods_ReactiveDemo.framework */; };
		C906C6E01D1CB57F0053296A /* AppDelegate.swift in Sources */ = {isa = PBXBuildFile; fileRef = C906C6DF1D1CB57F0053296A /* AppDelegate.swift */; };
		C906C6E21D1CB57F0053296A /* ViewController.swift in Sources */ = {isa = PBXBuildFile; fileRef = C906C6E11D1CB57F0053296A /* ViewController.swift */; };
		C906C6E51D1CB57F0053296A /* Main.storyboard in Resources */ = {isa = PBXBuildFile; fileRef = C906C6E31D1CB57F0053296A /* Main.storyboard */; };
		C906C6E71D1CB57F0053296A /* Assets.xcassets in Resources */ = {isa = PBXBuildFile; fileRef = C906C6E61D1CB57F0053296A /* Assets.xcassets */; };
		C906C6EA1D1CB57F0053296A /* LaunchScreen.storyboard in Resources */ = {isa = PBXBuildFile; fileRef = C906C6E81D1CB57F0053296A /* LaunchScreen.storyboard */; };
		C906C6F51D1CB57F0053296A /* ReactiveDemoTests.swift in Sources */ = {isa = PBXBuildFile; fileRef = C906C6F41D1CB57F0053296A /* ReactiveDemoTests.swift */; };
		C906C7001D1CB57F0053296A /* ReactiveDemoUITests.swift in Sources */ = {isa = PBXBuildFile; fileRef = C906C6FF1D1CB57F0053296A /* ReactiveDemoUITests.swift */; };
		C906C70E1D1CDD4F0053296A /* Signal+Debounce.swift in Sources */ = {isa = PBXBuildFile; fileRef = C906C70D1D1CDD4F0053296A /* Signal+Debounce.swift */; };
		C99528A01D207AC2004A8BE7 /* AsyncData.swift in Sources */ = {isa = PBXBuildFile; fileRef = C995289F1D207AC2004A8BE7 /* AsyncData.swift */; };
		C99528A41D208553004A8BE7 /* FoursquareService.swift in Sources */ = {isa = PBXBuildFile; fileRef = C99528A31D208553004A8BE7 /* FoursquareService.swift */; };
/* End PBXBuildFile section */

/* Begin PBXContainerItemProxy section */
		C906C6F11D1CB57F0053296A /* PBXContainerItemProxy */ = {
			isa = PBXContainerItemProxy;
			containerPortal = C906C6D41D1CB57F0053296A /* Project object */;
			proxyType = 1;
			remoteGlobalIDString = C906C6DB1D1CB57F0053296A;
			remoteInfo = ReactiveDemo;
		};
		C906C6FC1D1CB57F0053296A /* PBXContainerItemProxy */ = {
			isa = PBXContainerItemProxy;
			containerPortal = C906C6D41D1CB57F0053296A /* Project object */;
			proxyType = 1;
			remoteGlobalIDString = C906C6DB1D1CB57F0053296A;
			remoteInfo = ReactiveDemo;
		};
/* End PBXContainerItemProxy section */

/* Begin PBXFileReference section */
		2B206D5E10A18A16F3290AAB /* Pods_ReactiveDemo.framework */ = {isa = PBXFileReference; explicitFileType = wrapper.framework; includeInIndex = 0; path = Pods_ReactiveDemo.framework; sourceTree = BUILT_PRODUCTS_DIR; };
		3EB5CA606BE0E5148C4DE8B0 /* Pods-ReactiveDemo.debug.xcconfig */ = {isa = PBXFileReference; includeInIndex = 1; lastKnownFileType = text.xcconfig; name = "Pods-ReactiveDemo.debug.xcconfig"; path = "Pods/Target Support Files/Pods-ReactiveDemo/Pods-ReactiveDemo.debug.xcconfig"; sourceTree = "<group>"; };
		C87E0FC94893731E3AF0025E /* Pods-ReactiveDemo.release.xcconfig */ = {isa = PBXFileReference; includeInIndex = 1; lastKnownFileType = text.xcconfig; name = "Pods-ReactiveDemo.release.xcconfig"; path = "Pods/Target Support Files/Pods-ReactiveDemo/Pods-ReactiveDemo.release.xcconfig"; sourceTree = "<group>"; };
		C906C6DC1D1CB57F0053296A /* ReactiveDemo.app */ = {isa = PBXFileReference; explicitFileType = wrapper.application; includeInIndex = 0; path = ReactiveDemo.app; sourceTree = BUILT_PRODUCTS_DIR; };
		C906C6DF1D1CB57F0053296A /* AppDelegate.swift */ = {isa = PBXFileReference; lastKnownFileType = sourcecode.swift; path = AppDelegate.swift; sourceTree = "<group>"; };
		C906C6E11D1CB57F0053296A /* ViewController.swift */ = {isa = PBXFileReference; lastKnownFileType = sourcecode.swift; path = ViewController.swift; sourceTree = "<group>"; };
		C906C6E41D1CB57F0053296A /* Base */ = {isa = PBXFileReference; lastKnownFileType = file.storyboard; name = Base; path = Base.lproj/Main.storyboard; sourceTree = "<group>"; };
		C906C6E61D1CB57F0053296A /* Assets.xcassets */ = {isa = PBXFileReference; lastKnownFileType = folder.assetcatalog; path = Assets.xcassets; sourceTree = "<group>"; };
		C906C6E91D1CB57F0053296A /* Base */ = {isa = PBXFileReference; lastKnownFileType = file.storyboard; name = Base; path = Base.lproj/LaunchScreen.storyboard; sourceTree = "<group>"; };
		C906C6EB1D1CB57F0053296A /* Info.plist */ = {isa = PBXFileReference; lastKnownFileType = text.plist.xml; path = Info.plist; sourceTree = "<group>"; };
		C906C6F01D1CB57F0053296A /* ReactiveDemoTests.xctest */ = {isa = PBXFileReference; explicitFileType = wrapper.cfbundle; includeInIndex = 0; path = ReactiveDemoTests.xctest; sourceTree = BUILT_PRODUCTS_DIR; };
		C906C6F41D1CB57F0053296A /* ReactiveDemoTests.swift */ = {isa = PBXFileReference; lastKnownFileType = sourcecode.swift; path = ReactiveDemoTests.swift; sourceTree = "<group>"; };
		C906C6F61D1CB57F0053296A /* Info.plist */ = {isa = PBXFileReference; lastKnownFileType = text.plist.xml; path = Info.plist; sourceTree = "<group>"; };
		C906C6FB1D1CB57F0053296A /* ReactiveDemoUITests.xctest */ = {isa = PBXFileReference; explicitFileType = wrapper.cfbundle; includeInIndex = 0; path = ReactiveDemoUITests.xctest; sourceTree = BUILT_PRODUCTS_DIR; };
		C906C6FF1D1CB57F0053296A /* ReactiveDemoUITests.swift */ = {isa = PBXFileReference; lastKnownFileType = sourcecode.swift; path = ReactiveDemoUITests.swift; sourceTree = "<group>"; };
		C906C7011D1CB57F0053296A /* Info.plist */ = {isa = PBXFileReference; lastKnownFileType = text.plist.xml; path = Info.plist; sourceTree = "<group>"; };
		C906C70D1D1CDD4F0053296A /* Signal+Debounce.swift */ = {isa = PBXFileReference; fileEncoding = 4; lastKnownFileType = sourcecode.swift; path = "Signal+Debounce.swift"; sourceTree = "<group>"; };
		C995289F1D207AC2004A8BE7 /* AsyncData.swift */ = {isa = PBXFileReference; fileEncoding = 4; lastKnownFileType = sourcecode.swift; path = AsyncData.swift; sourceTree = "<group>"; };
		C99528A31D208553004A8BE7 /* FoursquareService.swift */ = {isa = PBXFileReference; fileEncoding = 4; lastKnownFileType = sourcecode.swift; path = FoursquareService.swift; sourceTree = "<group>"; };
/* End PBXFileReference section */

/* Begin PBXFrameworksBuildPhase section */
		C906C6D91D1CB57F0053296A /* Frameworks */ = {
			isa = PBXFrameworksBuildPhase;
			buildActionMask = 2147483647;
			files = (
				17C941DA797529CC101EC204 /* Pods_ReactiveDemo.framework in Frameworks */,
			);
			runOnlyForDeploymentPostprocessing = 0;
		};
		C906C6ED1D1CB57F0053296A /* Frameworks */ = {
			isa = PBXFrameworksBuildPhase;
			buildActionMask = 2147483647;
			files = (
			);
			runOnlyForDeploymentPostprocessing = 0;
		};
		C906C6F81D1CB57F0053296A /* Frameworks */ = {
			isa = PBXFrameworksBuildPhase;
			buildActionMask = 2147483647;
			files = (
			);
			runOnlyForDeploymentPostprocessing = 0;
		};
/* End PBXFrameworksBuildPhase section */

/* Begin PBXGroup section */
		736B41DDCFBE2B394C95E7BD /* Pods */ = {
			isa = PBXGroup;
			children = (
				3EB5CA606BE0E5148C4DE8B0 /* Pods-ReactiveDemo.debug.xcconfig */,
				C87E0FC94893731E3AF0025E /* Pods-ReactiveDemo.release.xcconfig */,
			);
			name = Pods;
			sourceTree = "<group>";
		};
		87BF4A5ED0163033EF88F17D /* Frameworks */ = {
			isa = PBXGroup;
			children = (
				2B206D5E10A18A16F3290AAB /* Pods_ReactiveDemo.framework */,
			);
			name = Frameworks;
			sourceTree = "<group>";
		};
		C906C6D31D1CB57E0053296A = {
			isa = PBXGroup;
			children = (
				C906C6DE1D1CB57F0053296A /* ReactiveDemo */,
				C906C6F31D1CB57F0053296A /* ReactiveDemoTests */,
				C906C6FE1D1CB57F0053296A /* ReactiveDemoUITests */,
				C906C6DD1D1CB57F0053296A /* Products */,
				736B41DDCFBE2B394C95E7BD /* Pods */,
				87BF4A5ED0163033EF88F17D /* Frameworks */,
			);
			sourceTree = "<group>";
		};
		C906C6DD1D1CB57F0053296A /* Products */ = {
			isa = PBXGroup;
			children = (
				C906C6DC1D1CB57F0053296A /* ReactiveDemo.app */,
				C906C6F01D1CB57F0053296A /* ReactiveDemoTests.xctest */,
				C906C6FB1D1CB57F0053296A /* ReactiveDemoUITests.xctest */,
			);
			name = Products;
			sourceTree = "<group>";
		};
		C906C6DE1D1CB57F0053296A /* ReactiveDemo */ = {
			isa = PBXGroup;
			children = (
				C906C70D1D1CDD4F0053296A /* Signal+Debounce.swift */,
				C906C6DF1D1CB57F0053296A /* AppDelegate.swift */,
				C906C6E11D1CB57F0053296A /* ViewController.swift */,
				C906C6E31D1CB57F0053296A /* Main.storyboard */,
				C906C6E61D1CB57F0053296A /* Assets.xcassets */,
				C906C6E81D1CB57F0053296A /* LaunchScreen.storyboard */,
				C906C6EB1D1CB57F0053296A /* Info.plist */,
				C995289F1D207AC2004A8BE7 /* AsyncData.swift */,
				C99528A31D208553004A8BE7 /* FoursquareService.swift */,
			);
			path = ReactiveDemo;
			sourceTree = "<group>";
		};
		C906C6F31D1CB57F0053296A /* ReactiveDemoTests */ = {
			isa = PBXGroup;
			children = (
				C906C6F41D1CB57F0053296A /* ReactiveDemoTests.swift */,
				C906C6F61D1CB57F0053296A /* Info.plist */,
			);
			path = ReactiveDemoTests;
			sourceTree = "<group>";
		};
		C906C6FE1D1CB57F0053296A /* ReactiveDemoUITests */ = {
			isa = PBXGroup;
			children = (
				C906C6FF1D1CB57F0053296A /* ReactiveDemoUITests.swift */,
				C906C7011D1CB57F0053296A /* Info.plist */,
			);
			path = ReactiveDemoUITests;
			sourceTree = "<group>";
		};
/* End PBXGroup section */

/* Begin PBXNativeTarget section */
		C906C6DB1D1CB57F0053296A /* ReactiveDemo */ = {
			isa = PBXNativeTarget;
			buildConfigurationList = C906C7041D1CB57F0053296A /* Build configuration list for PBXNativeTarget "ReactiveDemo" */;
			buildPhases = (
				725423EC1D1670A51EC2DF41 /* [CP] Check Pods Manifest.lock */,
				C906C6D81D1CB57F0053296A /* Sources */,
				C906C6D91D1CB57F0053296A /* Frameworks */,
				C906C6DA1D1CB57F0053296A /* Resources */,
				C25F59967384F2E90A25AE23 /* [CP] Embed Pods Frameworks */,
				8463FE740D013FE0E72CDEF9 /* [CP] Copy Pods Resources */,
			);
			buildRules = (
			);
			dependencies = (
			);
			name = ReactiveDemo;
			productName = ReactiveDemo;
			productReference = C906C6DC1D1CB57F0053296A /* ReactiveDemo.app */;
			productType = "com.apple.product-type.application";
		};
		C906C6EF1D1CB57F0053296A /* ReactiveDemoTests */ = {
			isa = PBXNativeTarget;
			buildConfigurationList = C906C7071D1CB57F0053296A /* Build configuration list for PBXNativeTarget "ReactiveDemoTests" */;
			buildPhases = (
				C906C6EC1D1CB57F0053296A /* Sources */,
				C906C6ED1D1CB57F0053296A /* Frameworks */,
				C906C6EE1D1CB57F0053296A /* Resources */,
			);
			buildRules = (
			);
			dependencies = (
				C906C6F21D1CB57F0053296A /* PBXTargetDependency */,
			);
			name = ReactiveDemoTests;
			productName = ReactiveDemoTests;
			productReference = C906C6F01D1CB57F0053296A /* ReactiveDemoTests.xctest */;
			productType = "com.apple.product-type.bundle.unit-test";
		};
		C906C6FA1D1CB57F0053296A /* ReactiveDemoUITests */ = {
			isa = PBXNativeTarget;
			buildConfigurationList = C906C70A1D1CB57F0053296A /* Build configuration list for PBXNativeTarget "ReactiveDemoUITests" */;
			buildPhases = (
				C906C6F71D1CB57F0053296A /* Sources */,
				C906C6F81D1CB57F0053296A /* Frameworks */,
				C906C6F91D1CB57F0053296A /* Resources */,
			);
			buildRules = (
			);
			dependencies = (
				C906C6FD1D1CB57F0053296A /* PBXTargetDependency */,
			);
			name = ReactiveDemoUITests;
			productName = ReactiveDemoUITests;
			productReference = C906C6FB1D1CB57F0053296A /* ReactiveDemoUITests.xctest */;
			productType = "com.apple.product-type.bundle.ui-testing";
		};
/* End PBXNativeTarget section */

/* Begin PBXProject section */
		C906C6D41D1CB57F0053296A /* Project object */ = {
			isa = PBXProject;
			attributes = {
				LastSwiftUpdateCheck = 0730;
				LastUpgradeCheck = 0730;
				ORGANIZATIONNAME = RogueComma;
				TargetAttributes = {
					C906C6DB1D1CB57F0053296A = {
						CreatedOnToolsVersion = 7.3.1;
					};
					C906C6EF1D1CB57F0053296A = {
						CreatedOnToolsVersion = 7.3.1;
						TestTargetID = C906C6DB1D1CB57F0053296A;
					};
					C906C6FA1D1CB57F0053296A = {
						CreatedOnToolsVersion = 7.3.1;
						TestTargetID = C906C6DB1D1CB57F0053296A;
					};
				};
			};
			buildConfigurationList = C906C6D71D1CB57F0053296A /* Build configuration list for PBXProject "ReactiveDemo" */;
			compatibilityVersion = "Xcode 3.2";
			developmentRegion = English;
			hasScannedForEncodings = 0;
			knownRegions = (
				en,
				Base,
			);
			mainGroup = C906C6D31D1CB57E0053296A;
			productRefGroup = C906C6DD1D1CB57F0053296A /* Products */;
			projectDirPath = "";
			projectRoot = "";
			targets = (
				C906C6DB1D1CB57F0053296A /* ReactiveDemo */,
				C906C6EF1D1CB57F0053296A /* ReactiveDemoTests */,
				C906C6FA1D1CB57F0053296A /* ReactiveDemoUITests */,
			);
		};
/* End PBXProject section */

/* Begin PBXResourcesBuildPhase section */
		C906C6DA1D1CB57F0053296A /* Resources */ = {
			isa = PBXResourcesBuildPhase;
			buildActionMask = 2147483647;
			files = (
				C906C6EA1D1CB57F0053296A /* LaunchScreen.storyboard in Resources */,
				C906C6E71D1CB57F0053296A /* Assets.xcassets in Resources */,
				C906C6E51D1CB57F0053296A /* Main.storyboard in Resources */,
			);
			runOnlyForDeploymentPostprocessing = 0;
		};
		C906C6EE1D1CB57F0053296A /* Resources */ = {
			isa = PBXResourcesBuildPhase;
			buildActionMask = 2147483647;
			files = (
			);
			runOnlyForDeploymentPostprocessing = 0;
		};
		C906C6F91D1CB57F0053296A /* Resources */ = {
			isa = PBXResourcesBuildPhase;
			buildActionMask = 2147483647;
			files = (
			);
			runOnlyForDeploymentPostprocessing = 0;
		};
/* End PBXResourcesBuildPhase section */

/* Begin PBXShellScriptBuildPhase section */
		725423EC1D1670A51EC2DF41 /* [CP] Check Pods Manifest.lock */ = {
			isa = PBXShellScriptBuildPhase;
			buildActionMask = 2147483647;
			files = (
			);
			inputPaths = (
			);
			name = "[CP] Check Pods Manifest.lock";
			outputPaths = (
			);
			runOnlyForDeploymentPostprocessing = 0;
			shellPath = /bin/sh;
			shellScript = "diff \"${PODS_ROOT}/../Podfile.lock\" \"${PODS_ROOT}/Manifest.lock\" > /dev/null\nif [[ $? != 0 ]] ; then\n    cat << EOM\nerror: The sandbox is not in sync with the Podfile.lock. Run 'pod install' or update your CocoaPods installation.\nEOM\n    exit 1\nfi\n";
			showEnvVarsInLog = 0;
		};
		8463FE740D013FE0E72CDEF9 /* [CP] Copy Pods Resources */ = {
			isa = PBXShellScriptBuildPhase;
			buildActionMask = 2147483647;
			files = (
			);
			inputPaths = (
			);
			name = "[CP] Copy Pods Resources";
			outputPaths = (
			);
			runOnlyForDeploymentPostprocessing = 0;
			shellPath = /bin/sh;
			shellScript = "\"${SRCROOT}/Pods/Target Support Files/Pods-ReactiveDemo/Pods-ReactiveDemo-resources.sh\"\n";
			showEnvVarsInLog = 0;
		};
		C25F59967384F2E90A25AE23 /* [CP] Embed Pods Frameworks */ = {
			isa = PBXShellScriptBuildPhase;
			buildActionMask = 2147483647;
			files = (
			);
			inputPaths = (
			);
			name = "[CP] Embed Pods Frameworks";
			outputPaths = (
			);
			runOnlyForDeploymentPostprocessing = 0;
			shellPath = /bin/sh;
			shellScript = "\"${SRCROOT}/Pods/Target Support Files/Pods-ReactiveDemo/Pods-ReactiveDemo-frameworks.sh\"\n";
			showEnvVarsInLog = 0;
		};
/* End PBXShellScriptBuildPhase section */

/* Begin PBXSourcesBuildPhase section */
		C906C6D81D1CB57F0053296A /* Sources */ = {
			isa = PBXSourcesBuildPhase;
			buildActionMask = 2147483647;
			files = (
				C906C6E21D1CB57F0053296A /* ViewController.swift in Sources */,
				C906C6E01D1CB57F0053296A /* AppDelegate.swift in Sources */,
				C99528A41D208553004A8BE7 /* FoursquareService.swift in Sources */,
				C99528A01D207AC2004A8BE7 /* AsyncData.swift in Sources */,
				C906C70E1D1CDD4F0053296A /* Signal+Debounce.swift in Sources */,
			);
			runOnlyForDeploymentPostprocessing = 0;
		};
		C906C6EC1D1CB57F0053296A /* Sources */ = {
			isa = PBXSourcesBuildPhase;
			buildActionMask = 2147483647;
			files = (
				C906C6F51D1CB57F0053296A /* ReactiveDemoTests.swift in Sources */,
			);
			runOnlyForDeploymentPostprocessing = 0;
		};
		C906C6F71D1CB57F0053296A /* Sources */ = {
			isa = PBXSourcesBuildPhase;
			buildActionMask = 2147483647;
			files = (
				C906C7001D1CB57F0053296A /* ReactiveDemoUITests.swift in Sources */,
			);
			runOnlyForDeploymentPostprocessing = 0;
		};
/* End PBXSourcesBuildPhase section */

/* Begin PBXTargetDependency section */
		C906C6F21D1CB57F0053296A /* PBXTargetDependency */ = {
			isa = PBXTargetDependency;
			target = C906C6DB1D1CB57F0053296A /* ReactiveDemo */;
			targetProxy = C906C6F11D1CB57F0053296A /* PBXContainerItemProxy */;
		};
		C906C6FD1D1CB57F0053296A /* PBXTargetDependency */ = {
			isa = PBXTargetDependency;
			target = C906C6DB1D1CB57F0053296A /* ReactiveDemo */;
			targetProxy = C906C6FC1D1CB57F0053296A /* PBXContainerItemProxy */;
		};
/* End PBXTargetDependency section */

/* Begin PBXVariantGroup section */
		C906C6E31D1CB57F0053296A /* Main.storyboard */ = {
			isa = PBXVariantGroup;
			children = (
				C906C6E41D1CB57F0053296A /* Base */,
			);
			name = Main.storyboard;
			sourceTree = "<group>";
		};
		C906C6E81D1CB57F0053296A /* LaunchScreen.storyboard */ = {
			isa = PBXVariantGroup;
			children = (
				C906C6E91D1CB57F0053296A /* Base */,
			);
			name = LaunchScreen.storyboard;
			sourceTree = "<group>";
		};
/* End PBXVariantGroup section */

/* Begin XCBuildConfiguration section */
		C906C7021D1CB57F0053296A /* Debug */ = {
			isa = XCBuildConfiguration;
			buildSettings = {
				ALWAYS_SEARCH_USER_PATHS = NO;
				CLANG_ANALYZER_NONNULL = YES;
				CLANG_CXX_LANGUAGE_STANDARD = "gnu++0x";
				CLANG_CXX_LIBRARY = "libc++";
				CLANG_ENABLE_MODULES = YES;
				CLANG_ENABLE_OBJC_ARC = YES;
				CLANG_WARN_BOOL_CONVERSION = YES;
				CLANG_WARN_CONSTANT_CONVERSION = YES;
				CLANG_WARN_DIRECT_OBJC_ISA_USAGE = YES_ERROR;
				CLANG_WARN_EMPTY_BODY = YES;
				CLANG_WARN_ENUM_CONVERSION = YES;
				CLANG_WARN_INT_CONVERSION = YES;
				CLANG_WARN_OBJC_ROOT_CLASS = YES_ERROR;
				CLANG_WARN_UNREACHABLE_CODE = YES;
				CLANG_WARN__DUPLICATE_METHOD_MATCH = YES;
				"CODE_SIGN_IDENTITY[sdk=iphoneos*]" = "iPhone Developer";
				COPY_PHASE_STRIP = NO;
				DEBUG_INFORMATION_FORMAT = dwarf;
				ENABLE_STRICT_OBJC_MSGSEND = YES;
				ENABLE_TESTABILITY = YES;
				GCC_C_LANGUAGE_STANDARD = gnu99;
				GCC_DYNAMIC_NO_PIC = NO;
				GCC_NO_COMMON_BLOCKS = YES;
				GCC_OPTIMIZATION_LEVEL = 0;
				GCC_PREPROCESSOR_DEFINITIONS = (
					"DEBUG=1",
					"$(inherited)",
				);
				GCC_WARN_64_TO_32_BIT_CONVERSION = YES;
				GCC_WARN_ABOUT_RETURN_TYPE = YES_ERROR;
				GCC_WARN_UNDECLARED_SELECTOR = YES;
				GCC_WARN_UNINITIALIZED_AUTOS = YES_AGGRESSIVE;
				GCC_WARN_UNUSED_FUNCTION = YES;
				GCC_WARN_UNUSED_VARIABLE = YES;
				IPHONEOS_DEPLOYMENT_TARGET = 9.3;
				MTL_ENABLE_DEBUG_INFO = YES;
				ONLY_ACTIVE_ARCH = YES;
				SDKROOT = iphoneos;
				SWIFT_OPTIMIZATION_LEVEL = "-Onone";
			};
			name = Debug;
		};
		C906C7031D1CB57F0053296A /* Release */ = {
			isa = XCBuildConfiguration;
			buildSettings = {
				ALWAYS_SEARCH_USER_PATHS = NO;
				CLANG_ANALYZER_NONNULL = YES;
				CLANG_CXX_LANGUAGE_STANDARD = "gnu++0x";
				CLANG_CXX_LIBRARY = "libc++";
				CLANG_ENABLE_MODULES = YES;
				CLANG_ENABLE_OBJC_ARC = YES;
				CLANG_WARN_BOOL_CONVERSION = YES;
				CLANG_WARN_CONSTANT_CONVERSION = YES;
				CLANG_WARN_DIRECT_OBJC_ISA_USAGE = YES_ERROR;
				CLANG_WARN_EMPTY_BODY = YES;
				CLANG_WARN_ENUM_CONVERSION = YES;
				CLANG_WARN_INT_CONVERSION = YES;
				CLANG_WARN_OBJC_ROOT_CLASS = YES_ERROR;
				CLANG_WARN_UNREACHABLE_CODE = YES;
				CLANG_WARN__DUPLICATE_METHOD_MATCH = YES;
				"CODE_SIGN_IDENTITY[sdk=iphoneos*]" = "iPhone Developer";
				COPY_PHASE_STRIP = NO;
				DEBUG_INFORMATION_FORMAT = "dwarf-with-dsym";
				ENABLE_NS_ASSERTIONS = NO;
				ENABLE_STRICT_OBJC_MSGSEND = YES;
				GCC_C_LANGUAGE_STANDARD = gnu99;
				GCC_NO_COMMON_BLOCKS = YES;
				GCC_WARN_64_TO_32_BIT_CONVERSION = YES;
				GCC_WARN_ABOUT_RETURN_TYPE = YES_ERROR;
				GCC_WARN_UNDECLARED_SELECTOR = YES;
				GCC_WARN_UNINITIALIZED_AUTOS = YES_AGGRESSIVE;
				GCC_WARN_UNUSED_FUNCTION = YES;
				GCC_WARN_UNUSED_VARIABLE = YES;
				IPHONEOS_DEPLOYMENT_TARGET = 9.3;
				MTL_ENABLE_DEBUG_INFO = NO;
				SDKROOT = iphoneos;
				VALIDATE_PRODUCT = YES;
			};
			name = Release;
		};
		C906C7051D1CB57F0053296A /* Debug */ = {
			isa = XCBuildConfiguration;
			baseConfigurationReference = 3EB5CA606BE0E5148C4DE8B0 /* Pods-ReactiveDemo.debug.xcconfig */;
			buildSettings = {
				ASSETCATALOG_COMPILER_APPICON_NAME = AppIcon;
				INFOPLIST_FILE = ReactiveDemo/Info.plist;
				LD_RUNPATH_SEARCH_PATHS = "$(inherited) @executable_path/Frameworks";
				PRODUCT_BUNDLE_IDENTIFIER = com.roguecomma.ReactiveDemo;
				PRODUCT_NAME = "$(TARGET_NAME)";
			};
			name = Debug;
		};
		C906C7061D1CB57F0053296A /* Release */ = {
			isa = XCBuildConfiguration;
			baseConfigurationReference = C87E0FC94893731E3AF0025E /* Pods-ReactiveDemo.release.xcconfig */;
			buildSettings = {
				ASSETCATALOG_COMPILER_APPICON_NAME = AppIcon;
				INFOPLIST_FILE = ReactiveDemo/Info.plist;
				LD_RUNPATH_SEARCH_PATHS = "$(inherited) @executable_path/Frameworks";
				PRODUCT_BUNDLE_IDENTIFIER = com.roguecomma.ReactiveDemo;
				PRODUCT_NAME = "$(TARGET_NAME)";
			};
			name = Release;
		};
		C906C7081D1CB57F0053296A /* Debug */ = {
			isa = XCBuildConfiguration;
			buildSettings = {
				BUNDLE_LOADER = "$(TEST_HOST)";
				INFOPLIST_FILE = ReactiveDemoTests/Info.plist;
				LD_RUNPATH_SEARCH_PATHS = "$(inherited) @executable_path/Frameworks @loader_path/Frameworks";
				PRODUCT_BUNDLE_IDENTIFIER = com.roguecomma.ReactiveDemoTests;
				PRODUCT_NAME = "$(TARGET_NAME)";
				TEST_HOST = "$(BUILT_PRODUCTS_DIR)/ReactiveDemo.app/ReactiveDemo";
			};
			name = Debug;
		};
		C906C7091D1CB57F0053296A /* Release */ = {
			isa = XCBuildConfiguration;
			buildSettings = {
				BUNDLE_LOADER = "$(TEST_HOST)";
				INFOPLIST_FILE = ReactiveDemoTests/Info.plist;
				LD_RUNPATH_SEARCH_PATHS = "$(inherited) @executable_path/Frameworks @loader_path/Frameworks";
				PRODUCT_BUNDLE_IDENTIFIER = com.roguecomma.ReactiveDemoTests;
				PRODUCT_NAME = "$(TARGET_NAME)";
				TEST_HOST = "$(BUILT_PRODUCTS_DIR)/ReactiveDemo.app/ReactiveDemo";
			};
			name = Release;
		};
		C906C70B1D1CB57F0053296A /* Debug */ = {
			isa = XCBuildConfiguration;
			buildSettings = {
				INFOPLIST_FILE = ReactiveDemoUITests/Info.plist;
				LD_RUNPATH_SEARCH_PATHS = "$(inherited) @executable_path/Frameworks @loader_path/Frameworks";
				PRODUCT_BUNDLE_IDENTIFIER = com.roguecomma.ReactiveDemoUITests;
				PRODUCT_NAME = "$(TARGET_NAME)";
				TEST_TARGET_NAME = ReactiveDemo;
			};
			name = Debug;
		};
		C906C70C1D1CB57F0053296A /* Release */ = {
			isa = XCBuildConfiguration;
			buildSettings = {
				INFOPLIST_FILE = ReactiveDemoUITests/Info.plist;
				LD_RUNPATH_SEARCH_PATHS = "$(inherited) @executable_path/Frameworks @loader_path/Frameworks";
				PRODUCT_BUNDLE_IDENTIFIER = com.roguecomma.ReactiveDemoUITests;
				PRODUCT_NAME = "$(TARGET_NAME)";
				TEST_TARGET_NAME = ReactiveDemo;
			};
			name = Release;
		};
/* End XCBuildConfiguration section */

/* Begin XCConfigurationList section */
		C906C6D71D1CB57F0053296A /* Build configuration list for PBXProject "ReactiveDemo" */ = {
			isa = XCConfigurationList;
			buildConfigurations = (
				C906C7021D1CB57F0053296A /* Debug */,
				C906C7031D1CB57F0053296A /* Release */,
			);
			defaultConfigurationIsVisible = 0;
			defaultConfigurationName = Release;
		};
		C906C7041D1CB57F0053296A /* Build configuration list for PBXNativeTarget "ReactiveDemo" */ = {
			isa = XCConfigurationList;
			buildConfigurations = (
				C906C7051D1CB57F0053296A /* Debug */,
				C906C7061D1CB57F0053296A /* Release */,
			);
			defaultConfigurationIsVisible = 0;
			defaultConfigurationName = Release;
		};
		C906C7071D1CB57F0053296A /* Build configuration list for PBXNativeTarget "ReactiveDemoTests" */ = {
			isa = XCConfigurationList;
			buildConfigurations = (
				C906C7081D1CB57F0053296A /* Debug */,
				C906C7091D1CB57F0053296A /* Release */,
			);
			defaultConfigurationIsVisible = 0;
			defaultConfigurationName = Release;
		};
		C906C70A1D1CB57F0053296A /* Build configuration list for PBXNativeTarget "ReactiveDemoUITests" */ = {
			isa = XCConfigurationList;
			buildConfigurations = (
				C906C70B1D1CB57F0053296A /* Debug */,
				C906C70C1D1CB57F0053296A /* Release */,
			);
			defaultConfigurationIsVisible = 0;
			defaultConfigurationName = Release;
		};
/* End XCConfigurationList section */
	};
	rootObject = C906C6D41D1CB57F0053296A /* Project object */;
}
